        version: 2.54.6(@types/react-dom@18.3.0)(@types/react@18.3.10)(react-dom@18.3.1(react@18.3.1))(react@18.3.1)(webpack@5.101.0(@swc/core@1.11.31(@swc/helpers@0.5.3))(esbuild@0.17.19))
        version: 2.54.6(@swc/helpers@0.5.3)(typescript@5.6.2)
        version: 2.54.6(@rspack/core@0.4.5)(@swc/core@1.11.31(@swc/helpers@0.5.3))(@types/webpack@5.28.0(@swc/core@1.11.31(@swc/helpers@0.5.3))(esbuild@0.17.19))(encoding@0.1.13)(eslint@8.57.1)(react-dom@18.3.1(react@18.3.1))(react@18.3.1)(styled-components@5.3.11(@babel/core@7.24.7)(react-dom@18.3.1(react@18.3.1))(react-is@18.3.1)(react@18.3.1))(ts-node@10.9.2(@swc/core@1.11.31(@swc/helpers@0.5.3))(@types/node@20.16.5)(typescript@5.6.2))(tsconfig-paths@4.2.0)(type-fest@2.19.0)(typescript@5.6.2)(webpack-dev-server@4.15.2(webpack@5.101.0(@swc/core@1.11.31(@swc/helpers@0.5.3))(esbuild@0.17.19)))(webpack-hot-middleware@2.26.1)
        version: 2.46.1(@babel/traverse@7.28.3)(@rsbuild/core@0.7.10)(@swc/core@1.11.31(@swc/helpers@0.5.3))(@types/express@4.17.21)(esbuild@0.17.19)(react-dom@18.3.1(react@18.3.1))(react@18.3.1)(ts-node@10.9.2(@swc/core@1.11.31(@swc/helpers@0.5.3))(@types/node@20.16.5)(typescript@5.6.2))(tsconfig-paths@4.2.0)(typescript@5.6.2)
        version: 2.54.6(@swc/helpers@0.5.3)(typescript@5.6.2)
        version: 0.17.1(@rspack/core@0.4.5)(react-dom@18.3.1(react@18.3.1))(react@18.3.1)(typescript@5.6.2)(webpack@5.101.0(@swc/core@1.11.31(@swc/helpers@0.5.3))(esbuild@0.17.19))
        version: 2.54.6(@types/react-dom@18.3.0)(@types/react@18.3.10)(react-dom@18.3.1(react@18.3.1))(react@18.3.1)(webpack@5.101.0(@swc/core@1.11.31(@swc/helpers@0.5.17)))
        version: 2.54.6(@swc/helpers@0.5.17)(typescript@5.6.2)
        version: 2.54.6(@rspack/core@1.4.11(@swc/helpers@0.5.17))(@swc/core@1.11.31(@swc/helpers@0.5.17))(@types/webpack@5.28.0(@swc/core@1.11.31(@swc/helpers@0.5.17)))(encoding@0.1.13)(eslint@9.6.0)(react-dom@18.3.1(react@18.3.1))(react@18.3.1)(styled-components@5.3.11(@babel/core@7.28.3)(react-dom@18.3.1(react@18.3.1))(react-is@18.3.1)(react@18.3.1))(ts-node@10.9.2(@swc/core@1.11.31(@swc/helpers@0.5.17))(@types/node@20.16.5)(typescript@5.6.2))(tsconfig-paths@4.2.0)(type-fest@2.19.0)(typescript@5.6.2)(webpack-dev-server@4.15.2(webpack@5.101.0(@swc/core@1.11.31(@swc/helpers@0.5.17))))(webpack-hot-middleware@2.26.1)
        version: 2.46.1(@babel/traverse@7.28.3)(@rsbuild/core@1.4.12)(@swc/core@1.11.31(@swc/helpers@0.5.17))(@types/express@4.17.21)(react-dom@18.3.1(react@18.3.1))(react@18.3.1)(ts-node@10.9.2(@swc/core@1.11.31(@swc/helpers@0.5.17))(@types/node@20.16.5)(typescript@5.6.2))(tsconfig-paths@4.2.0)(typescript@5.6.2)
        version: 2.54.6(@swc/helpers@0.5.17)(typescript@5.6.2)
        version: 0.17.1(@rspack/core@1.4.11(@swc/helpers@0.5.17))(react-dom@18.3.1(react@18.3.1))(react@18.3.1)(typescript@5.6.2)(webpack@5.101.0(@swc/core@1.11.31(@swc/helpers@0.5.17)))
        version: 0.17.1(@rspack/core@1.4.11(@swc/helpers@0.5.17))(react-dom@18.3.1(react@18.3.1))(react-router-dom@6.30.0(react-dom@18.3.1(react@18.3.1))(react@18.3.1))(react@18.3.1)(typescript@5.6.2)(webpack@5.101.0(@swc/core@1.11.31(@swc/helpers@0.5.17)))
        version: 2.68.6(@rspack/core@1.4.11(@swc/helpers@0.5.17))(@swc/core@1.11.31(@swc/helpers@0.5.17))(@types/webpack@5.28.0(@swc/core@1.11.31(@swc/helpers@0.5.17)))(encoding@0.1.13)(react-dom@18.3.1(react@18.3.1))(react@18.3.1)(styled-components@5.3.11(@babel/core@7.28.3)(react-dom@18.3.1(react@18.3.1))(react-is@18.3.1)(react@18.3.1))(ts-node@10.9.2(@swc/core@1.11.31(@swc/helpers@0.5.17))(@types/node@20.16.5)(typescript@5.6.2))(tsconfig-paths@4.2.0)(type-fest@2.19.0)(typescript@5.6.2)(webpack-dev-server@5.2.2(webpack@5.101.0(@swc/core@1.11.31(@swc/helpers@0.5.17))))(webpack-hot-middleware@2.26.1)
        version: 2.46.1(@babel/traverse@7.28.3)(@swc/core@1.11.31(@swc/helpers@0.5.17))(@types/express@4.17.21)(react-dom@18.3.1(react@18.3.1))(react@18.3.1)(ts-node@10.9.2(@swc/core@1.11.31(@swc/helpers@0.5.17))(@types/node@20.16.5)(typescript@5.6.2))(tsconfig-paths@4.2.0)(typescript@5.6.2)
        version: 0.17.1(@rspack/core@1.4.11(@swc/helpers@0.5.17))(react-dom@18.3.1(react@18.3.1))(react@18.3.1)(typescript@5.6.2)(webpack@5.101.0(@swc/core@1.11.31(@swc/helpers@0.5.17)))
        version: 0.17.1(@rsbuild/core@1.4.11)(@rspack/core@1.4.11(@swc/helpers@0.5.17))(react-dom@18.3.1(react@18.3.1))(react-router-dom@6.30.0(react-dom@18.3.1(react@18.3.1))(react@18.3.1))(react@18.3.1)(typescript@5.6.2)(webpack@5.101.0(@swc/core@1.11.31(@swc/helpers@0.5.17))(esbuild@0.25.5))
        version: 2.68.6(@rspack/core@1.4.11(@swc/helpers@0.5.17))(@swc/core@1.11.31(@swc/helpers@0.5.17))(@types/webpack@5.28.0(@swc/core@1.11.31(@swc/helpers@0.5.17))(esbuild@0.25.5))(encoding@0.1.13)(react-dom@18.3.1(react@18.3.1))(react@18.3.1)(styled-components@5.3.11(@babel/core@7.28.3)(react-dom@18.3.1(react@18.3.1))(react-is@18.3.1)(react@18.3.1))(ts-node@10.9.2(@swc/core@1.11.31(@swc/helpers@0.5.17))(@types/node@20.16.5)(typescript@5.6.2))(tsconfig-paths@4.2.0)(type-fest@2.19.0)(typescript@5.6.2)(webpack-dev-server@5.2.2(webpack@5.101.0(@swc/core@1.11.31(@swc/helpers@0.5.17))(esbuild@0.25.5)))(webpack-hot-middleware@2.26.1)
        version: 2.46.1(@babel/traverse@7.28.3)(@rsbuild/core@1.4.11)(@swc/core@1.11.31(@swc/helpers@0.5.17))(@types/express@4.17.21)(esbuild@0.25.5)(react-dom@18.3.1(react@18.3.1))(react@18.3.1)(ts-node@10.9.2(@swc/core@1.11.31(@swc/helpers@0.5.17))(@types/node@20.16.5)(typescript@5.6.2))(tsconfig-paths@4.2.0)(typescript@5.6.2)
        version: 0.17.1(@rspack/core@1.4.11(@swc/helpers@0.5.17))(react-dom@18.3.1(react@18.3.1))(react@18.3.1)(typescript@5.6.2)(webpack@5.101.0(@swc/core@1.11.31(@swc/helpers@0.5.17))(esbuild@0.25.5))
      '@playwright/test':
        specifier: ^1.54.2
        version: 1.54.2
      playwright:
        specifier: ^1.54.2
        version: 1.54.2
        version: 0.17.1(@rsbuild/core@1.0.1-beta.3)(@rspack/core@1.4.11(@swc/helpers@0.5.11))(react-dom@18.3.1(react@18.3.1))(react-router-dom@6.30.0(react-dom@18.3.1(react@18.3.1))(react@18.3.1))(react@18.3.1)(typescript@4.9.5)(webpack@5.101.0(@swc/core@1.11.31(@swc/helpers@0.5.11))(esbuild@0.17.19))
        version: 2.57.0(@rspack/core@1.4.11(@swc/helpers@0.5.11))(@swc/core@1.11.31(@swc/helpers@0.5.11))(@types/webpack@5.28.0(@swc/core@1.11.31(@swc/helpers@0.5.11))(esbuild@0.17.19))(encoding@0.1.13)(eslint@8.57.1)(react-dom@18.3.1(react@18.3.1))(react@18.3.1)(styled-components@5.3.11(@babel/core@7.24.7)(react-dom@18.3.1(react@18.3.1))(react-is@18.3.1)(react@18.3.1))(ts-node@10.9.2(@swc/core@1.11.31(@swc/helpers@0.5.11))(@types/node@16.18.101)(typescript@4.9.5))(tsconfig-paths@4.2.0)(type-fest@2.19.0)(typescript@4.9.5)(webpack-dev-server@4.15.2(webpack@5.101.0(@swc/core@1.11.31(@swc/helpers@0.5.11))(esbuild@0.17.19)))(webpack-hot-middleware@2.26.1)
        version: 0.17.1(@rsbuild/core@1.4.12)(@rspack/core@1.4.11(@swc/helpers@0.5.17))(react-dom@18.3.1(react@18.3.1))(react-router-dom@6.30.0(react-dom@18.3.1(react@18.3.1))(react@18.3.1))(react@18.3.1)(typescript@4.9.5)(webpack@5.101.0(@swc/core@1.11.31(@swc/helpers@0.5.17)))
        version: 2.57.0(@rspack/core@1.4.11(@swc/helpers@0.5.17))(@swc/core@1.11.31(@swc/helpers@0.5.17))(@types/webpack@5.28.0(@swc/core@1.11.31(@swc/helpers@0.5.17)))(encoding@0.1.13)(eslint@9.6.0)(react-dom@18.3.1(react@18.3.1))(react@18.3.1)(styled-components@5.3.11(@babel/core@7.28.3)(react-dom@18.3.1(react@18.3.1))(react-is@18.3.1)(react@18.3.1))(ts-node@10.9.2(@swc/core@1.11.31(@swc/helpers@0.5.17))(@types/node@16.18.101)(typescript@4.9.5))(tsconfig-paths@4.2.0)(type-fest@2.19.0)(typescript@4.9.5)(webpack-dev-server@4.15.2(webpack@5.101.0(@swc/core@1.11.31(@swc/helpers@0.5.17))))(webpack-hot-middleware@2.26.1)
  '@modern-js/app-tools@2.54.6(@rspack/core@0.4.5)(@swc/core@1.11.31(@swc/helpers@0.5.3))(@types/webpack@5.28.0(@swc/core@1.11.31(@swc/helpers@0.5.3))(esbuild@0.17.19))(encoding@0.1.13)(eslint@8.57.1)(react-dom@18.3.1(react@18.3.1))(react@18.3.1)(styled-components@5.3.11(@babel/core@7.24.7)(react-dom@18.3.1(react@18.3.1))(react-is@18.3.1)(react@18.3.1))(ts-node@10.9.2(@swc/core@1.11.31(@swc/helpers@0.5.3))(@types/node@20.16.5)(typescript@5.6.2))(tsconfig-paths@4.2.0)(type-fest@2.19.0)(typescript@5.6.2)(webpack-dev-server@4.15.2(webpack@5.101.0(@swc/core@1.11.31(@swc/helpers@0.5.3))(esbuild@0.17.19)))(webpack-hot-middleware@2.26.1)':
      '@modern-js/uni-builder': 2.54.6(@babel/traverse@7.28.3)(@rspack/core@0.4.5)(@swc/core@1.11.31(@swc/helpers@0.5.3))(@types/webpack@5.28.0(@swc/core@1.11.31(@swc/helpers@0.5.3))(esbuild@0.17.19))(esbuild@0.17.19)(react-dom@18.3.1(react@18.3.1))(react@18.3.1)(styled-components@5.3.11(@babel/core@7.24.7)(react-dom@18.3.1(react@18.3.1))(react-is@18.3.1)(react@18.3.1))(ts-node@10.9.2(@swc/core@1.11.31(@swc/helpers@0.5.3))(@types/node@20.16.5)(typescript@5.6.2))(tsconfig-paths@4.2.0)(type-fest@2.19.0)(typescript@5.6.2)(webpack-dev-server@4.15.2(webpack@5.101.0(@swc/core@1.11.31(@swc/helpers@0.5.3))(esbuild@0.17.19)))(webpack-hot-middleware@2.26.1)
  '@modern-js/app-tools@2.68.6(@rspack/core@1.4.11(@swc/helpers@0.5.17))(@swc/core@1.11.31(@swc/helpers@0.5.17))(@types/webpack@5.28.0(@swc/core@1.11.31(@swc/helpers@0.5.17))(esbuild@0.25.5))(encoding@0.1.13)(react-dom@18.3.1(react@18.3.1))(react@18.3.1)(styled-components@5.3.11(@babel/core@7.28.3)(react-dom@18.3.1(react@18.3.1))(react-is@18.3.1)(react@18.3.1))(ts-node@10.9.2(@swc/core@1.11.31(@swc/helpers@0.5.17))(@types/node@20.16.5)(typescript@5.6.2))(tsconfig-paths@4.2.0)(type-fest@2.19.0)(typescript@5.6.2)(webpack-dev-server@5.2.2(webpack@5.101.0(@swc/core@1.11.31(@swc/helpers@0.5.17))(esbuild@0.25.5)))(webpack-hot-middleware@2.26.1)':
      '@modern-js/rsbuild-plugin-esbuild': 2.68.6(@swc/core@1.11.31(@swc/helpers@0.5.17))
      '@modern-js/server': 2.68.6(@babel/traverse@7.28.3)(@rsbuild/core@1.4.11)(react-dom@18.3.1(react@18.3.1))(react@18.3.1)(ts-node@10.9.2(@swc/core@1.11.31(@swc/helpers@0.5.17))(@types/node@20.16.5)(typescript@5.6.2))(tsconfig-paths@4.2.0)
      '@modern-js/uni-builder': 2.68.6(@rspack/core@1.4.11(@swc/helpers@0.5.17))(@types/webpack@5.28.0(@swc/core@1.11.31(@swc/helpers@0.5.17))(esbuild@0.25.5))(esbuild@0.25.5)(styled-components@5.3.11(@babel/core@7.28.3)(react-dom@18.3.1(react@18.3.1))(react-is@18.3.1)(react@18.3.1))(type-fest@2.19.0)(typescript@5.6.2)(webpack-dev-server@5.2.2(webpack@5.101.0(@swc/core@1.11.31(@swc/helpers@0.5.17))(esbuild@0.25.5)))(webpack-hot-middleware@2.26.1)
      ts-node: 10.9.2(@swc/core@1.11.31(@swc/helpers@0.5.17))(@types/node@20.16.5)(typescript@5.6.2)
  '@modern-js/builder-rspack-provider@2.46.1(@babel/traverse@7.28.3)(@rsbuild/core@1.4.11)(@swc/core@1.11.31(@swc/helpers@0.5.17))(@types/express@4.17.21)(esbuild@0.25.5)(react-dom@18.3.1(react@18.3.1))(react@18.3.1)(ts-node@10.9.2(@swc/core@1.11.31(@swc/helpers@0.5.17))(@types/node@20.16.5)(typescript@5.6.2))(tsconfig-paths@4.2.0)(typescript@5.6.2)':
      '@modern-js/builder-shared': 2.46.1(@babel/traverse@7.28.3)(@rsbuild/core@1.4.11)(@swc/core@1.11.31(@swc/helpers@0.5.17))(@types/express@4.17.21)(esbuild@0.25.5)(react-dom@18.3.1(react@18.3.1))(react@18.3.1)(ts-node@10.9.2(@swc/core@1.11.31(@swc/helpers@0.5.17))(@types/node@20.16.5)(typescript@5.6.2))(tsconfig-paths@4.2.0)(typescript@5.6.2)
      '@modern-js/server': 2.46.1(@babel/traverse@7.28.3)(@rsbuild/core@1.4.11)(@types/express@4.17.21)(react-dom@18.3.1(react@18.3.1))(react@18.3.1)(ts-node@10.9.2(@swc/core@1.11.31(@swc/helpers@0.5.17))(@types/node@20.16.5)(typescript@5.6.2))(tsconfig-paths@4.2.0)
      rspack-manifest-plugin: 5.0.0-alpha0(webpack@5.101.0(@swc/core@1.11.31(@swc/helpers@0.5.17))(esbuild@0.25.5))
      style-loader: 3.3.3(webpack@5.101.0(@swc/core@1.11.31(@swc/helpers@0.5.17))(esbuild@0.25.5))
      webpack: 5.101.0(@swc/core@1.11.31(@swc/helpers@0.5.17))(esbuild@0.25.5)
  '@modern-js/builder-shared@2.46.1(@babel/traverse@7.28.3)(@rsbuild/core@1.4.11)(@swc/core@1.11.31(@swc/helpers@0.5.17))(@types/express@4.17.21)(esbuild@0.25.5)(react-dom@18.3.1(react@18.3.1))(react@18.3.1)(ts-node@10.9.2(@swc/core@1.11.31(@swc/helpers@0.5.17))(@types/node@20.16.5)(typescript@5.6.2))(tsconfig-paths@4.2.0)(typescript@5.6.2)':
      '@modern-js/server': 2.46.1(@babel/traverse@7.28.3)(@rsbuild/core@1.4.11)(@types/express@4.17.21)(react-dom@18.3.1(react@18.3.1))(react@18.3.1)(ts-node@10.9.2(@swc/core@1.11.31(@swc/helpers@0.5.17))(@types/node@20.16.5)(typescript@5.6.2))(tsconfig-paths@4.2.0)
      css-minimizer-webpack-plugin: 5.0.1(esbuild@0.25.5)(webpack@5.101.0(@swc/core@1.11.31(@swc/helpers@0.5.17))(esbuild@0.25.5))
      fork-ts-checker-webpack-plugin: 8.0.0(typescript@5.6.2)(webpack@5.101.0(@swc/core@1.11.31(@swc/helpers@0.5.17))(esbuild@0.25.5))
      webpack: 5.101.0(@swc/core@1.11.31(@swc/helpers@0.5.17))(esbuild@0.25.5)
  '@modern-js/server@2.46.1(@babel/traverse@7.28.3)(@rsbuild/core@1.4.11)(@types/express@4.17.21)(react-dom@18.3.1(react@18.3.1))(react@18.3.1)(ts-node@10.9.2(@swc/core@1.11.31(@swc/helpers@0.5.17))(@types/node@20.16.5)(typescript@5.6.2))(tsconfig-paths@4.2.0)':
      ts-node: 10.9.2(@swc/core@1.11.31(@swc/helpers@0.5.17))(@types/node@20.16.5)(typescript@5.6.2)
  '@modern-js/uni-builder@2.54.6(@babel/traverse@7.28.3)(@rspack/core@0.4.5)(@swc/core@1.11.31(@swc/helpers@0.5.3))(@types/webpack@5.28.0(@swc/core@1.11.31(@swc/helpers@0.5.3))(esbuild@0.17.19))(esbuild@0.17.19)(react-dom@18.3.1(react@18.3.1))(react@18.3.1)(styled-components@5.3.11(@babel/core@7.24.7)(react-dom@18.3.1(react@18.3.1))(react-is@18.3.1)(react@18.3.1))(ts-node@10.9.2(@swc/core@1.11.31(@swc/helpers@0.5.3))(@types/node@20.16.5)(typescript@5.6.2))(tsconfig-paths@4.2.0)(type-fest@2.19.0)(typescript@5.6.2)(webpack-dev-server@4.15.2(webpack@5.101.0(@swc/core@1.11.31(@swc/helpers@0.5.3))(esbuild@0.17.19)))(webpack-hot-middleware@2.26.1)':
      rspack-manifest-plugin: 5.0.0(@rspack/core@0.4.5)
  '@modern-js/uni-builder@2.68.6(@rspack/core@1.4.11(@swc/helpers@0.5.17))(@types/webpack@5.28.0(@swc/core@1.11.31(@swc/helpers@0.5.17))(esbuild@0.25.5))(esbuild@0.25.5)(styled-components@5.3.11(@babel/core@7.28.3)(react-dom@18.3.1(react@18.3.1))(react-is@18.3.1)(react@18.3.1))(type-fest@2.19.0)(typescript@5.6.2)(webpack-dev-server@5.2.2(webpack@5.101.0(@swc/core@1.11.31(@swc/helpers@0.5.17))(esbuild@0.25.5)))(webpack-hot-middleware@2.26.1)':
      '@pmmmwh/react-refresh-webpack-plugin': 0.5.16(@types/webpack@5.28.0(@swc/core@1.11.31(@swc/helpers@0.5.17))(esbuild@0.25.5))(react-refresh@0.14.2)(type-fest@2.19.0)(webpack-dev-server@5.2.2(webpack@5.101.0(@swc/core@1.11.31(@swc/helpers@0.5.17))(esbuild@0.25.5)))(webpack-hot-middleware@2.26.1)(webpack@5.101.0(@swc/core@1.11.31(@swc/helpers@0.5.17))(esbuild@0.25.5))
      '@rsbuild/plugin-css-minimizer': 1.0.2(@rsbuild/core@1.4.11)(esbuild@0.25.5)(webpack@5.101.0(@swc/core@1.11.31(@swc/helpers@0.5.17))(esbuild@0.25.5))
      '@rsbuild/plugin-type-check': 1.2.3(@rsbuild/core@1.4.11)(@rspack/core@1.4.11(@swc/helpers@0.5.17))(typescript@5.6.2)
      '@rsbuild/webpack': 1.3.2(@rsbuild/core@1.4.11)(@rspack/core@1.4.11(@swc/helpers@0.5.17))(@swc/core@1.11.31(@swc/helpers@0.5.17))(esbuild@0.25.5)
      babel-loader: 9.2.1(@babel/core@7.28.3)(webpack@5.101.0(@swc/core@1.11.31(@swc/helpers@0.5.17))(esbuild@0.25.5))
      html-webpack-plugin: 5.6.3(@rspack/core@1.4.11(@swc/helpers@0.5.17))(webpack@5.101.0(@swc/core@1.11.31(@swc/helpers@0.5.17))(esbuild@0.25.5))
      rspack-manifest-plugin: 5.0.3(@rspack/core@1.4.11(@swc/helpers@0.5.17))
      terser-webpack-plugin: 5.3.14(@swc/core@1.11.31(@swc/helpers@0.5.17))(esbuild@0.25.5)(webpack@5.101.0(@swc/core@1.11.31(@swc/helpers@0.5.17))(esbuild@0.25.5))
      ts-loader: 9.4.4(typescript@5.6.2)(webpack@5.101.0(@swc/core@1.11.31(@swc/helpers@0.5.17))(esbuild@0.25.5))
      webpack: 5.101.0(@swc/core@1.11.31(@swc/helpers@0.5.17))(esbuild@0.25.5)
      webpack-subresource-integrity: 5.1.0(html-webpack-plugin@5.6.3(@rspack/core@1.4.11(@swc/helpers@0.5.17))(webpack@5.101.0(@swc/core@1.11.31(@swc/helpers@0.5.17))(esbuild@0.25.5)))(webpack@5.101.0(@swc/core@1.11.31(@swc/helpers@0.5.17))(esbuild@0.25.5))
  '@module-federation/enhanced@0.17.1(@rspack/core@0.4.5)(react-dom@18.3.1(react@18.3.1))(react@18.3.1)(typescript@5.6.2)(webpack@5.101.0(@swc/core@1.11.31(@swc/helpers@0.5.3))(esbuild@0.17.19))':
  '@module-federation/enhanced@0.17.1(@rspack/core@1.4.11(@swc/helpers@0.5.17))(react-dom@18.3.1(react@18.3.1))(react@18.3.1)(typescript@5.6.2)(webpack@5.101.0(@swc/core@1.11.31(@swc/helpers@0.5.17))(esbuild@0.25.5))':
    dependencies:
      '@module-federation/bridge-react-webpack-plugin': 0.17.1
      '@module-federation/cli': 0.17.1(typescript@5.6.2)
      '@module-federation/data-prefetch': 0.17.1(react-dom@18.3.1(react@18.3.1))(react@18.3.1)
      '@module-federation/dts-plugin': 0.17.1(typescript@5.6.2)
      '@module-federation/error-codes': 0.17.1
      '@module-federation/inject-external-runtime-core-plugin': 0.17.1(@module-federation/runtime-tools@0.17.1)
      '@module-federation/managers': 0.17.1
      '@module-federation/manifest': 0.17.1(typescript@5.6.2)
      '@module-federation/rspack': 0.17.1(@rspack/core@1.4.11(@swc/helpers@0.5.17))(typescript@5.6.2)
      '@module-federation/runtime-tools': 0.17.1
      '@module-federation/sdk': 0.17.1
      btoa: 1.2.1
      schema-utils: 4.3.2
      upath: 2.0.1
    optionalDependencies:
      typescript: 5.6.2
      webpack: 5.101.0(@swc/core@1.11.31(@swc/helpers@0.5.17))(esbuild@0.25.5)
    transitivePeerDependencies:
      - '@rspack/core'
      - bufferutil
      - debug
      - react
      - react-dom
      - supports-color
      - utf-8-validate

  '@module-federation/modern-js@0.17.1(@rsbuild/core@1.4.11)(@rspack/core@1.4.11(@swc/helpers@0.5.17))(react-dom@18.3.1(react@18.3.1))(react-router-dom@6.30.0(react-dom@18.3.1(react@18.3.1))(react@18.3.1))(react@18.3.1)(typescript@5.6.2)(webpack@5.101.0(@swc/core@1.11.31(@swc/helpers@0.5.17))(esbuild@0.25.5))':
      '@module-federation/enhanced': 0.17.1(@rspack/core@1.4.11(@swc/helpers@0.5.17))(react-dom@18.3.1(react@18.3.1))(react@18.3.1)(typescript@5.6.2)(webpack@5.101.0(@swc/core@1.11.31(@swc/helpers@0.5.17))(esbuild@0.25.5))
      '@module-federation/node': 2.7.10(@rspack/core@1.4.11(@swc/helpers@0.5.17))(react-dom@18.3.1(react@18.3.1))(react@18.3.1)(typescript@5.6.2)(webpack@5.101.0(@swc/core@1.11.31(@swc/helpers@0.5.17))(esbuild@0.25.5))
      '@module-federation/rsbuild-plugin': 0.17.1(@rsbuild/core@1.4.11)(@rspack/core@1.4.11(@swc/helpers@0.5.17))(react-dom@18.3.1(react@18.3.1))(react@18.3.1)(typescript@5.6.2)(webpack@5.101.0(@swc/core@1.11.31(@swc/helpers@0.5.17))(esbuild@0.25.5))
  '@module-federation/node@2.7.10(@rspack/core@1.4.11(@swc/helpers@0.5.11))(react-dom@18.3.1(react@18.3.1))(react@18.3.1)(typescript@4.9.5)(webpack@5.101.0(@swc/core@1.11.31(@swc/helpers@0.5.11))(esbuild@0.17.19))':
      '@module-federation/enhanced': 0.17.1(@rspack/core@1.4.11(@swc/helpers@0.5.11))(react-dom@18.3.1(react@18.3.1))(react@18.3.1)(typescript@4.9.5)(webpack@5.101.0(@swc/core@1.11.31(@swc/helpers@0.5.11))(esbuild@0.17.19))
      webpack: 5.101.0(@swc/core@1.11.31(@swc/helpers@0.5.11))(esbuild@0.17.19)
  '@module-federation/node@2.7.10(@rspack/core@1.4.11(@swc/helpers@0.5.17))(next@14.2.13(@playwright/test@1.54.2)(babel-plugin-macros@3.1.0)(react-dom@18.3.1(react@18.3.1))(react@18.3.1)(sass@1.90.0))(react-dom@18.3.1(react@18.3.1))(react@18.3.1)(typescript@5.6.2)(webpack@5.101.0(@swc/core@1.11.31(@swc/helpers@0.5.17)))':
      '@module-federation/enhanced': 0.17.1(@rspack/core@1.4.11(@swc/helpers@0.5.17))(react-dom@18.3.1(react@18.3.1))(react@18.3.1)(typescript@5.6.2)(webpack@5.101.0(@swc/core@1.11.31(@swc/helpers@0.5.17)))
      webpack: 5.101.0(@swc/core@1.11.31(@swc/helpers@0.5.17))(esbuild@0.17.19)
      next: 14.2.13(@babel/core@7.24.7)(@playwright/test@1.54.2)(babel-plugin-macros@3.1.0)(react-dom@18.3.1(react@18.3.1))(react@18.3.1)(sass@1.90.0)
  '@module-federation/node@2.7.10(@rspack/core@1.4.11(@swc/helpers@0.5.17))(react-dom@16.14.0(react@16.14.0))(react@16.14.0)(typescript@5.6.2)(webpack@5.101.0)':
      '@module-federation/enhanced': 0.17.1(@rspack/core@1.4.11(@swc/helpers@0.5.17))(react-dom@16.14.0(react@16.14.0))(react@16.14.0)(typescript@5.6.2)(webpack@5.101.0)
      webpack: 5.101.0(@swc/core@1.11.31(@swc/helpers@0.5.17))(webpack-cli@5.1.4)
      react: 16.14.0
      react-dom: 16.14.0(react@16.14.0)
  '@module-federation/node@2.7.10(@rspack/core@1.4.11(@swc/helpers@0.5.17))(react-dom@18.3.1(react@18.3.1))(react@18.3.1)(typescript@4.9.5)(webpack@5.101.0(@swc/core@1.11.31(@swc/helpers@0.5.17)))':
      '@module-federation/enhanced': 0.17.1(@rspack/core@1.4.11(@swc/helpers@0.5.17))(react-dom@18.3.1(react@18.3.1))(react@18.3.1)(typescript@4.9.5)(webpack@5.101.0(@swc/core@1.11.31(@swc/helpers@0.5.17)))
      webpack: 5.101.0(@swc/core@1.11.31(@swc/helpers@0.5.17))(esbuild@0.17.19)
      react: 18.3.1
      react-dom: 18.3.1(react@18.3.1)
  '@module-federation/node@2.7.10(@rspack/core@1.4.11(@swc/helpers@0.5.17))(react-dom@18.3.1(react@18.3.1))(react@18.3.1)(typescript@5.6.2)(webpack@5.101.0(@swc/core@1.11.31(@swc/helpers@0.5.17))(esbuild@0.25.5))':
      '@module-federation/enhanced': 0.17.1(@rspack/core@1.4.11(@swc/helpers@0.5.17))(react-dom@18.3.1(react@18.3.1))(react@18.3.1)(typescript@5.6.2)(webpack@5.101.0(@swc/core@1.11.31(@swc/helpers@0.5.17))(esbuild@0.25.5))
      webpack: 5.101.0(@swc/core@1.11.31(@swc/helpers@0.5.17))(esbuild@0.25.5)
  '@module-federation/rsbuild-plugin@0.17.1(@rsbuild/core@1.4.11)(@rspack/core@1.4.11(@swc/helpers@0.5.17))(react-dom@18.3.1(react@18.3.1))(react@18.3.1)(typescript@5.6.2)(webpack@5.101.0(@swc/core@1.11.31(@swc/helpers@0.5.17))(esbuild@0.25.5))':
      '@module-federation/enhanced': 0.17.1(@rspack/core@1.4.11(@swc/helpers@0.5.17))(react-dom@18.3.1(react@18.3.1))(react@18.3.1)(typescript@5.6.2)(webpack@5.101.0(@swc/core@1.11.31(@swc/helpers@0.5.17))(esbuild@0.25.5))
      '@module-federation/node': 2.7.10(@rspack/core@1.4.11(@swc/helpers@0.5.17))(react-dom@18.3.1(react@18.3.1))(react@18.3.1)(typescript@5.6.2)(webpack@5.101.0(@swc/core@1.11.31(@swc/helpers@0.5.17))(esbuild@0.25.5))
  '@pmmmwh/react-refresh-webpack-plugin@0.5.16(@types/webpack@5.28.0(@swc/core@1.11.31(@swc/helpers@0.5.17))(esbuild@0.25.5))(react-refresh@0.14.2)(type-fest@2.19.0)(webpack-dev-server@5.2.2(webpack@5.101.0(@swc/core@1.11.31(@swc/helpers@0.5.17))(esbuild@0.25.5)))(webpack-hot-middleware@2.26.1)(webpack@5.101.0(@swc/core@1.11.31(@swc/helpers@0.5.17))(esbuild@0.25.5))':
      webpack: 5.101.0(@swc/core@1.11.31(@swc/helpers@0.5.17))(esbuild@0.25.5)
      '@types/webpack': 5.28.0(@swc/core@1.11.31(@swc/helpers@0.5.17))(esbuild@0.25.5)
      webpack-dev-server: 5.2.2(webpack@5.101.0(@swc/core@1.11.31(@swc/helpers@0.5.17))(esbuild@0.25.5))
  '@pmmmwh/react-refresh-webpack-plugin@0.5.16(@types/webpack@5.28.0(@swc/core@1.11.31(@swc/helpers@0.5.17)))(react-refresh@0.14.2)(type-fest@2.19.0)(webpack-dev-server@5.2.2(webpack@5.101.0(@swc/core@1.11.31(@swc/helpers@0.5.17))))(webpack-hot-middleware@2.26.1)(webpack@5.101.0(@swc/core@1.11.31(@swc/helpers@0.5.17)))':
      webpack: 5.101.0(@swc/core@1.11.31(@swc/helpers@0.5.17))(esbuild@0.17.19)
      '@types/webpack': 5.28.0(@swc/core@1.11.31(@swc/helpers@0.5.17))
      webpack-dev-server: 5.2.2(webpack@5.101.0(@swc/core@1.11.31(@swc/helpers@0.5.17)))
  '@rsbuild/plugin-css-minimizer@1.0.2(@rsbuild/core@1.4.11)(esbuild@0.25.5)(webpack@5.101.0(@swc/core@1.11.31(@swc/helpers@0.5.17))(esbuild@0.25.5))':
      css-minimizer-webpack-plugin: 5.0.1(esbuild@0.25.5)(webpack@5.101.0(@swc/core@1.11.31(@swc/helpers@0.5.17))(esbuild@0.25.5))
  '@rsbuild/plugin-css-minimizer@1.0.2(@rsbuild/core@1.4.11)(esbuild@0.25.5)(webpack@5.101.0(@swc/core@1.11.31(@swc/helpers@0.5.17)))':
      css-minimizer-webpack-plugin: 5.0.1(esbuild@0.25.5)(webpack@5.101.0(@swc/core@1.11.31(@swc/helpers@0.5.17)))
      copy-webpack-plugin: 11.0.0(webpack@5.101.0(@swc/core@1.11.31(@swc/helpers@0.5.17))(esbuild@0.25.5))
      html-webpack-plugin: 5.6.3(@rspack/core@1.4.11(@swc/helpers@0.5.17))(webpack@5.101.0(@swc/core@1.11.31(@swc/helpers@0.5.17))(esbuild@0.25.5))
      mini-css-extract-plugin: 2.9.2(webpack@5.101.0(@swc/core@1.11.31(@swc/helpers@0.5.17))(esbuild@0.25.5))
  '@types/webpack@5.28.0(@swc/core@1.11.31(@swc/helpers@0.5.17))(esbuild@0.25.5)':
      webpack: 5.101.0(@swc/core@1.11.31(@swc/helpers@0.5.17))(esbuild@0.25.5)
  '@types/webpack@5.28.0(@swc/core@1.11.31(@swc/helpers@0.5.17))(webpack-cli@5.1.4)':
      webpack: 5.101.0(@swc/core@1.11.31(@swc/helpers@0.5.17))(webpack-cli@5.1.4)
  '@types/webpack@5.28.0(@swc/core@1.11.31(@swc/helpers@0.5.3))(esbuild@0.17.19)':
      webpack: 5.101.0(@swc/core@1.11.31(@swc/helpers@0.5.3))(esbuild@0.17.19)
  babel-loader@9.2.1(@babel/core@7.28.3)(webpack@5.101.0(@swc/core@1.11.31(@swc/helpers@0.5.17))(esbuild@0.25.5)):
      webpack: 5.101.0(@swc/core@1.11.31(@swc/helpers@0.5.17))(esbuild@0.25.5)
  babel-loader@9.2.1(@babel/core@7.28.3)(webpack@5.101.0(@swc/core@1.11.31(@swc/helpers@0.5.17))):
      webpack: 5.101.0(@swc/core@1.11.31(@swc/helpers@0.5.17))(esbuild@0.17.19)
  copy-webpack-plugin@11.0.0(webpack@5.101.0(@swc/core@1.11.31(@swc/helpers@0.5.17))(esbuild@0.25.5)):
      webpack: 5.101.0(@swc/core@1.11.31(@swc/helpers@0.5.17))(esbuild@0.25.5)
  copy-webpack-plugin@11.0.0(webpack@5.101.0(@swc/core@1.11.31(@swc/helpers@0.5.17))):
      webpack: 5.101.0(@swc/core@1.11.31(@swc/helpers@0.5.17))(esbuild@0.17.19)
  css-minimizer-webpack-plugin@5.0.1(esbuild@0.25.5)(webpack@5.101.0(@swc/core@1.11.31(@swc/helpers@0.5.17))(esbuild@0.25.5)):
      webpack: 5.101.0(@swc/core@1.11.31(@swc/helpers@0.5.17))(esbuild@0.25.5)
  css-minimizer-webpack-plugin@5.0.1(esbuild@0.25.5)(webpack@5.101.0(@swc/core@1.11.31(@swc/helpers@0.5.17))):
      webpack: 5.101.0(@swc/core@1.11.31(@swc/helpers@0.5.17))(esbuild@0.17.19)
  fork-ts-checker-webpack-plugin@8.0.0(typescript@5.6.2)(webpack@5.101.0(@swc/core@1.11.31(@swc/helpers@0.5.17))(esbuild@0.25.5)):
      webpack: 5.101.0(@swc/core@1.11.31(@swc/helpers@0.5.17))(esbuild@0.25.5)
  fork-ts-checker-webpack-plugin@8.0.0(typescript@5.6.2)(webpack@5.101.0(@swc/core@1.11.31(@swc/helpers@0.5.17))):
      webpack: 5.101.0(@swc/core@1.11.31(@swc/helpers@0.5.17))(esbuild@0.17.19)
  fork-ts-checker-webpack-plugin@8.0.0(typescript@5.6.2)(webpack@5.101.0(@swc/core@1.11.31(@swc/helpers@0.5.3))(esbuild@0.17.19)):
      webpack: 5.101.0(@swc/core@1.11.31(@swc/helpers@0.5.3))(esbuild@0.17.19)
  html-webpack-plugin@5.6.3(@rspack/core@1.4.11(@swc/helpers@0.5.17))(webpack@5.101.0(@swc/core@1.11.31(@swc/helpers@0.5.17))(esbuild@0.23.0)):
      '@rspack/core': 1.4.11(@swc/helpers@0.5.17)
      webpack: 5.101.0(@swc/core@1.11.31(@swc/helpers@0.5.17))(esbuild@0.23.0)
    optional: true
  html-webpack-plugin@5.6.3(@rspack/core@1.4.11(@swc/helpers@0.5.17))(webpack@5.101.0(@swc/core@1.11.31(@swc/helpers@0.5.17))(esbuild@0.25.5)):
      webpack: 5.101.0(@swc/core@1.11.31(@swc/helpers@0.5.17))(esbuild@0.25.5)
  mini-css-extract-plugin@2.9.2(webpack@5.101.0(@swc/core@1.11.31(@swc/helpers@0.5.17))(esbuild@0.25.5)):
      webpack: 5.101.0(@swc/core@1.11.31(@swc/helpers@0.5.17))(esbuild@0.25.5)
  mini-css-extract-plugin@2.9.2(webpack@5.101.0(@swc/core@1.11.31(@swc/helpers@0.5.17))):
      webpack: 5.101.0(@swc/core@1.11.31(@swc/helpers@0.5.17))(esbuild@0.17.19)
  rspack-manifest-plugin@5.0.0(@rspack/core@0.4.5):
      '@rspack/core': 0.4.5
  rspack-manifest-plugin@5.0.0-alpha0(webpack@5.101.0(@swc/core@1.11.31(@swc/helpers@0.5.17))(esbuild@0.25.5)):
      webpack: 5.101.0(@swc/core@1.11.31(@swc/helpers@0.5.17))(esbuild@0.25.5)
  rspack-manifest-plugin@5.0.0-alpha0(webpack@5.101.0(@swc/core@1.11.31(@swc/helpers@0.5.17))):
      webpack: 5.101.0(@swc/core@1.11.31(@swc/helpers@0.5.17))(esbuild@0.17.19)
  rspack-manifest-plugin@5.0.0-alpha0(webpack@5.101.0(@swc/core@1.11.31(@swc/helpers@0.5.3))(esbuild@0.17.19)):
      webpack: 5.101.0(@swc/core@1.11.31(@swc/helpers@0.5.3))(esbuild@0.17.19)
  style-loader@3.3.3(webpack@5.101.0(@swc/core@1.11.31(@swc/helpers@0.5.17))(esbuild@0.25.5)):
    dependencies:
      webpack: 5.101.0(@swc/core@1.11.31(@swc/helpers@0.5.17))(esbuild@0.25.5)

  terser-webpack-plugin@5.3.14(@swc/core@1.11.31(@swc/helpers@0.5.17))(esbuild@0.25.5)(webpack@5.101.0(@swc/core@1.11.31(@swc/helpers@0.5.17))(esbuild@0.25.5)):
    dependencies:
      '@jridgewell/trace-mapping': 0.3.30
      jest-worker: 27.5.1
      schema-utils: 4.3.2
      serialize-javascript: 6.0.2
      terser: 5.43.1
      webpack: 5.101.0(@swc/core@1.11.31(@swc/helpers@0.5.17))(esbuild@0.25.5)
    optionalDependencies:
      '@swc/core': 1.11.31(@swc/helpers@0.5.17)
      esbuild: 0.25.5

  ts-loader@9.4.4(typescript@5.6.2)(webpack@5.101.0(@swc/core@1.11.31(@swc/helpers@0.5.17))(esbuild@0.25.5)):
      webpack: 5.101.0(@swc/core@1.11.31(@swc/helpers@0.5.17))(esbuild@0.25.5)
  ts-loader@9.4.4(typescript@5.6.2)(webpack@5.101.0(@swc/core@1.11.31(@swc/helpers@0.5.17))):
      webpack: 5.101.0(@swc/core@1.11.31(@swc/helpers@0.5.17))(esbuild@0.17.19)
  ts-loader@9.4.4(typescript@5.6.2)(webpack@5.101.0(@swc/core@1.11.31(@swc/helpers@0.5.3))(esbuild@0.17.19)):
      webpack: 5.101.0(@swc/core@1.11.31(@swc/helpers@0.5.3))(esbuild@0.17.19)
  webpack-dev-middleware@7.4.2(webpack@5.101.0(@swc/core@1.11.31(@swc/helpers@0.5.17))(esbuild@0.25.5)):
      webpack: 5.101.0(@swc/core@1.11.31(@swc/helpers@0.5.17))(esbuild@0.25.5)
  webpack-dev-middleware@7.4.2(webpack@5.101.0(@swc/core@1.11.31(@swc/helpers@0.5.17))):
      webpack: 5.101.0(@swc/core@1.11.31(@swc/helpers@0.5.17))(esbuild@0.17.19)
  webpack-dev-server@5.2.2(webpack@5.101.0(@swc/core@1.11.31(@swc/helpers@0.5.17))(esbuild@0.25.5)):
      webpack-dev-middleware: 7.4.2(webpack@5.101.0(@swc/core@1.11.31(@swc/helpers@0.5.17))(esbuild@0.25.5))
      webpack: 5.101.0(@swc/core@1.11.31(@swc/helpers@0.5.17))(esbuild@0.25.5)
  webpack-dev-server@5.2.2(webpack@5.101.0(@swc/core@1.11.31(@swc/helpers@0.5.17))):
      webpack-dev-middleware: 7.4.2(webpack@5.101.0(@swc/core@1.11.31(@swc/helpers@0.5.17)))
      webpack: 5.101.0(@swc/core@1.11.31(@swc/helpers@0.5.17))(esbuild@0.17.19)
  webpack-subresource-integrity@5.1.0(html-webpack-plugin@5.6.3(@rspack/core@1.4.11(@swc/helpers@0.5.17))(webpack@5.101.0(@swc/core@1.11.31(@swc/helpers@0.5.17))(esbuild@0.23.0)))(webpack@5.101.0(@swc/core@1.11.31(@swc/helpers@0.5.17))(esbuild@0.23.0)):
      webpack: 5.101.0(@swc/core@1.11.31(@swc/helpers@0.5.17))(esbuild@0.23.0)
      html-webpack-plugin: 5.6.3(@rspack/core@1.4.11(@swc/helpers@0.5.17))(webpack@5.101.0(@swc/core@1.11.31(@swc/helpers@0.5.17))(esbuild@0.23.0))
  webpack-subresource-integrity@5.1.0(html-webpack-plugin@5.6.3(@rspack/core@1.4.11(@swc/helpers@0.5.17))(webpack@5.101.0(@swc/core@1.11.31(@swc/helpers@0.5.17))(esbuild@0.25.5)))(webpack@5.101.0(@swc/core@1.11.31(@swc/helpers@0.5.17))(esbuild@0.25.5)):
      webpack: 5.101.0(@swc/core@1.11.31(@swc/helpers@0.5.17))(esbuild@0.25.5)
      html-webpack-plugin: 5.6.3(@rspack/core@1.4.11(@swc/helpers@0.5.17))(webpack@5.101.0(@swc/core@1.11.31(@swc/helpers@0.5.17))(esbuild@0.25.5))
      terser-webpack-plugin: 5.3.14(@swc/core@1.11.31(@swc/helpers@0.5.17))(esbuild@0.25.5)(webpack@5.101.0(@swc/core@1.11.31(@swc/helpers@0.5.17))(esbuild@0.25.5))
