        version: 0.17.1(@rspack/core@1.4.11(@swc/helpers@0.5.17))(react-dom@18.3.1(react@18.3.1))(react-router-dom@6.30.0(react-dom@18.3.1(react@18.3.1))(react@18.3.1))(react@18.3.1)(typescript@5.6.2)(webpack@5.101.0(@swc/core@1.11.31(@swc/helpers@0.5.17)))
        version: 2.68.6(@rspack/core@1.4.11(@swc/helpers@0.5.17))(@swc/core@1.11.31(@swc/helpers@0.5.17))(@types/webpack@5.28.0(@swc/core@1.11.31(@swc/helpers@0.5.17)))(encoding@0.1.13)(react-dom@18.3.1(react@18.3.1))(react@18.3.1)(styled-components@5.3.11(@babel/core@7.28.3)(react-dom@18.3.1(react@18.3.1))(react-is@18.3.1)(react@18.3.1))(ts-node@10.9.2(@swc/core@1.11.31(@swc/helpers@0.5.17))(@types/node@20.16.5)(typescript@5.6.2))(tsconfig-paths@4.2.0)(type-fest@2.19.0)(typescript@5.6.2)(webpack-dev-server@5.2.2(webpack@5.101.0(@swc/core@1.11.31(@swc/helpers@0.5.17))))(webpack-hot-middleware@2.26.1)
        version: 2.46.1(@babel/traverse@7.28.3)(@swc/core@1.11.31(@swc/helpers@0.5.17))(@types/express@4.17.21)(react-dom@18.3.1(react@18.3.1))(react@18.3.1)(ts-node@10.9.2(@swc/core@1.11.31(@swc/helpers@0.5.17))(@types/node@20.16.5)(typescript@5.6.2))(tsconfig-paths@4.2.0)(typescript@5.6.2)
        version: 0.17.1(@rspack/core@1.4.11(@swc/helpers@0.5.17))(react-dom@18.3.1(react@18.3.1))(react@18.3.1)(typescript@5.6.2)(webpack@5.101.0(@swc/core@1.11.31(@swc/helpers@0.5.17)))
        version: 0.17.1(@rsbuild/core@1.4.11)(@rspack/core@1.4.11(@swc/helpers@0.5.17))(react-dom@18.3.1(react@18.3.1))(react-router-dom@6.30.0(react-dom@18.3.1(react@18.3.1))(react@18.3.1))(react@18.3.1)(typescript@5.6.2)(webpack@5.101.0(@swc/core@1.11.31(@swc/helpers@0.5.17))(esbuild@0.25.5))
        version: 2.68.6(@rspack/core@1.4.11(@swc/helpers@0.5.17))(@swc/core@1.11.31(@swc/helpers@0.5.17))(@types/webpack@5.28.0(@swc/core@1.11.31(@swc/helpers@0.5.17))(esbuild@0.25.5))(encoding@0.1.13)(react-dom@18.3.1(react@18.3.1))(react@18.3.1)(styled-components@5.3.11(@babel/core@7.28.3)(react-dom@18.3.1(react@18.3.1))(react-is@18.3.1)(react@18.3.1))(ts-node@10.9.2(@swc/core@1.11.31(@swc/helpers@0.5.17))(@types/node@20.16.5)(typescript@5.6.2))(tsconfig-paths@4.2.0)(type-fest@2.19.0)(typescript@5.6.2)(webpack-dev-server@5.2.2(webpack@5.101.0(@swc/core@1.11.31(@swc/helpers@0.5.17))(esbuild@0.25.5)))(webpack-hot-middleware@2.26.1)
        version: 2.46.1(@babel/traverse@7.28.3)(@rsbuild/core@1.4.11)(@swc/core@1.11.31(@swc/helpers@0.5.17))(@types/express@4.17.21)(esbuild@0.25.5)(react-dom@18.3.1(react@18.3.1))(react@18.3.1)(ts-node@10.9.2(@swc/core@1.11.31(@swc/helpers@0.5.17))(@types/node@20.16.5)(typescript@5.6.2))(tsconfig-paths@4.2.0)(typescript@5.6.2)
        version: 0.17.1(@rspack/core@1.4.11(@swc/helpers@0.5.17))(react-dom@18.3.1(react@18.3.1))(react@18.3.1)(typescript@5.6.2)(webpack@5.101.0(@swc/core@1.11.31(@swc/helpers@0.5.17))(esbuild@0.25.5))
      '@playwright/test':
        specifier: ^1.54.2
        version: 1.54.2
      playwright:
        specifier: ^1.54.2
        version: 1.54.2
      '@modern-js/server-utils': 2.46.1(@babel/traverse@7.28.3)(@rsbuild/core@1.4.12)
