{
  "name": "remote",
  "version": "1.0.0",
  "lockfileVersion": 2,
  "requires": true,
  "packages": {
    "": {
      "name": "remote",
      "version": "1.0.0",
      "license": "MIT",
      "dependencies": {
        "date-fns": "^2.29.2"
      }
    },
    "node_modules/date-fns": {
      "version": "2.29.2",
      "resolved": "https://registry.npmjs.org/date-fns/-/date-fns-2.29.2.tgz",
      "integrity": "sha512-0VNbwmWJDS/G3ySwFSJA3ayhbURMTJLtwM2DTxf9CWondCnh6DTNlO9JgRSq6ibf4eD0lfMJNBxUdEAHHix+bA==",
      "engines": {
        "node": ">=0.11"
      },
      "funding": {
        "type": "opencollective",
        "url": "https://opencollective.com/date-fns"
      }
    }
  },
  "dependencies": {
    "date-fns": {
      "version": "2.29.2",
      "resolved": "https://registry.npmjs.org/date-fns/-/date-fns-2.29.2.tgz",
      "integrity": "sha512-0VNbwmWJDS/G3ySwFSJA3ayhbURMTJLtwM2DTxf9CWondCnh6DTNlO9JgRSq6ibf4eD0lfMJNBxUdEAHHix+bA=="
    }
  }
}
