{
  "requires": true,
  "lockfileVersion": 1,
  "dependencies": {
    "@module-federation/nextjs-mf": {
      "version": "3.1.1",
      "resolved": "http://r.privjs.com/@module-federation%2fnextjs-mf/-/nextjs-mf-3.1.1.tgz",
      "integrity": "sha512-uftT5W8jVnEyxzAHb9QAPUyJ+uNAPJzj3nlXqG448+QMpuR9UHQNIwMWQykV9v8O52YK0mvBLXtCGwAeoRz5WA==",
      "requires": {
        "webpack-federated-stats-plugin": "2.0.5"
      }
    },
    "webpack-federated-stats-plugin": {
      "version": "2.0.5",
      "resolved": "http://r.privjs.com/webpack-federated-stats-plugin/-/webpack-federated-stats-plugin-2.0.5.tgz",
      "integrity": "sha512-Ji+RVg3+0joPAXqqv8F9wD4lyq8ibxqYu3vzp8gaBOy7jdHcnn8egZ0KV08S5KbBlxP1n7jzq0kSN+M5uMaWyA=="
    }
  }
}
